
Microsoft Visual Studio Solution File, Format Version 12.00
# Visual Studio Version 17
VisualStudioVersion = 17.7.34031.279
MinimumVisualStudioVersion = 10.0.40219.1
Project("{8BC9CEB8-8B4A-11D0-8D11-00A0C91BC942}") = "project", "project\project.vcxproj", "{BC0F59E3-18A3-412D-88EE-3DEC4EFA09CA}"
EndProject
Global
	GlobalSection(SolutionConfigurationPlatforms) = preSolution
		Debug|x64 = Debug|x64
		Debug|x86 = Debug|x86
		Release|x64 = Release|x64
		Release|x86 = Release|x86
	EndGlobalSection
	GlobalSection(ProjectConfigurationPlatforms) = postSolution
		{BC0F59E3-18A3-412D-88EE-3DEC4EFA09CA}.Debug|x64.ActiveCfg = Debug|x64
		{BC0F59E3-18A3-412D-88EE-3DEC4EFA09CA}.Debug|x64.Build.0 = Debug|x64
		{BC0F59E3-18A3-412D-88EE-3DEC4EFA09CA}.Debug|x86.ActiveCfg = Debug|Win32
		{BC0F59E3-18A3-412D-88EE-3DEC4EFA09CA}.Debug|x86.Build.0 = Debug|Win32
		{BC0F59E3-18A3-412D-88EE-3DEC4EFA09CA}.Release|x64.ActiveCfg = Release|x64
		{BC0F59E3-18A3-412D-88EE-3DEC4EFA09CA}.Release|x64.Build.0 = Release|x64
		{BC0F59E3-18A3-412D-88EE-3DEC4EFA09CA}.Release|x86.ActiveCfg = Release|Win32
		{BC0F59E3-18A3-412D-88EE-3DEC4EFA09CA}.Release|x86.Build.0 = Release|Win32
	EndGlobalSection
	GlobalSection(SolutionProperties) = preSolution
		HideSolutionNode = FALSE
	EndGlobalSection
	GlobalSection(ExtensibilityGlobals) = postSolution
		SolutionGuid = {E59FBEF7-1C16-4B02-9C05-1289A2998C4C}
	EndGlobalSection
EndGlobal
